
Microsoft Visual Studio Solution File, Format Version 12.00
# Visual Studio Version 16
VisualStudioVersion = 16.0.29820.132
MinimumVisualStudioVersion = 10.0.40219.1
Project("{FAE04EC0-301F-11D3-BF4B-00C04F79EFBC}") = "_IPZ_.UWP", "_IPZ_\_IPZ_.UWP\_IPZ_.UWP.csproj", "{5F6C707F-9D03-4A33-9EF7-95D2D48CA160}"
EndProject
Project("{FAE04EC0-301F-11D3-BF4B-00C04F79EFBC}") = "_IPZ_.Android", "_IPZ_\_IPZ_.Android\_IPZ_.Android.csproj", "{21EB02A6-669F-4907-8C48-D399C9CC3748}"
EndProject
Project("{9A19103F-16F7-4668-BE54-9A1E7A4F7556}") = "_IPZ_.Web", "_IPZ_\_IPZ_.Web\_IPZ_.Web.csproj", "{B8D2CA44-09EA-47C3-AE70-6712CB5474D1}"
EndProject
Project("{9A19103F-16F7-4668-BE54-9A1E7A4F7556}") = "_IPZ_", "_IPZ_\_IPZ_\_IPZ_.csproj", "{CE8D516C-A2AF-4586-82A3-7D7DE593A2D6}"
EndProject
Global
	GlobalSection(SolutionConfigurationPlatforms) = preSolution
		Debug|Any CPU = Debug|Any CPU
		Debug|ARM = Debug|ARM
		Debug|iPhone = Debug|iPhone
		Debug|iPhoneSimulator = Debug|iPhoneSimulator
		Debug|x64 = Debug|x64
		Debug|x86 = Debug|x86
		Release|Any CPU = Release|Any CPU
		Release|ARM = Release|ARM
		Release|iPhone = Release|iPhone
		Release|iPhoneSimulator = Release|iPhoneSimulator
		Release|x64 = Release|x64
		Release|x86 = Release|x86
	EndGlobalSection
	GlobalSection(ProjectConfigurationPlatforms) = postSolution
		{5F6C707F-9D03-4A33-9EF7-95D2D48CA160}.Debug|Any CPU.ActiveCfg = Debug|x86
		{5F6C707F-9D03-4A33-9EF7-95D2D48CA160}.Debug|Any CPU.Build.0 = Debug|x86
		{5F6C707F-9D03-4A33-9EF7-95D2D48CA160}.Debug|Any CPU.Deploy.0 = Debug|x86
		{5F6C707F-9D03-4A33-9EF7-95D2D48CA160}.Debug|ARM.ActiveCfg = Debug|ARM
		{5F6C707F-9D03-4A33-9EF7-95D2D48CA160}.Debug|ARM.Build.0 = Debug|ARM
		{5F6C707F-9D03-4A33-9EF7-95D2D48CA160}.Debug|ARM.Deploy.0 = Debug|ARM
		{5F6C707F-9D03-4A33-9EF7-95D2D48CA160}.Debug|iPhone.ActiveCfg = Debug|x86
		{5F6C707F-9D03-4A33-9EF7-95D2D48CA160}.Debug|iPhone.Build.0 = Debug|x86
		{5F6C707F-9D03-4A33-9EF7-95D2D48CA160}.Debug|iPhone.Deploy.0 = Debug|x86
		{5F6C707F-9D03-4A33-9EF7-95D2D48CA160}.Debug|iPhoneSimulator.ActiveCfg = Debug|x86
		{5F6C707F-9D03-4A33-9EF7-95D2D48CA160}.Debug|iPhoneSimulator.Build.0 = Debug|x86
		{5F6C707F-9D03-4A33-9EF7-95D2D48CA160}.Debug|iPhoneSimulator.Deploy.0 = Debug|x86
		{5F6C707F-9D03-4A33-9EF7-95D2D48CA160}.Debug|x64.ActiveCfg = Debug|x64
		{5F6C707F-9D03-4A33-9EF7-95D2D48CA160}.Debug|x64.Build.0 = Debug|x64
		{5F6C707F-9D03-4A33-9EF7-95D2D48CA160}.Debug|x64.Deploy.0 = Debug|x64
		{5F6C707F-9D03-4A33-9EF7-95D2D48CA160}.Debug|x86.ActiveCfg = Debug|x86
		{5F6C707F-9D03-4A33-9EF7-95D2D48CA160}.Debug|x86.Build.0 = Debug|x86
		{5F6C707F-9D03-4A33-9EF7-95D2D48CA160}.Debug|x86.Deploy.0 = Debug|x86
		{5F6C707F-9D03-4A33-9EF7-95D2D48CA160}.Release|Any CPU.ActiveCfg = Release|x86
		{5F6C707F-9D03-4A33-9EF7-95D2D48CA160}.Release|Any CPU.Build.0 = Release|x86
		{5F6C707F-9D03-4A33-9EF7-95D2D48CA160}.Release|Any CPU.Deploy.0 = Release|x86
		{5F6C707F-9D03-4A33-9EF7-95D2D48CA160}.Release|ARM.ActiveCfg = Release|ARM
		{5F6C707F-9D03-4A33-9EF7-95D2D48CA160}.Release|ARM.Build.0 = Release|ARM
		{5F6C707F-9D03-4A33-9EF7-95D2D48CA160}.Release|ARM.Deploy.0 = Release|ARM
		{5F6C707F-9D03-4A33-9EF7-95D2D48CA160}.Release|iPhone.ActiveCfg = Release|x86
		{5F6C707F-9D03-4A33-9EF7-95D2D48CA160}.Release|iPhone.Build.0 = Release|x86
		{5F6C707F-9D03-4A33-9EF7-95D2D48CA160}.Release|iPhone.Deploy.0 = Release|x86
		{5F6C707F-9D03-4A33-9EF7-95D2D48CA160}.Release|iPhoneSimulator.ActiveCfg = Release|x86
		{5F6C707F-9D03-4A33-9EF7-95D2D48CA160}.Release|iPhoneSimulator.Build.0 = Release|x86
		{5F6C707F-9D03-4A33-9EF7-95D2D48CA160}.Release|iPhoneSimulator.Deploy.0 = Release|x86
		{5F6C707F-9D03-4A33-9EF7-95D2D48CA160}.Release|x64.ActiveCfg = Release|x64
		{5F6C707F-9D03-4A33-9EF7-95D2D48CA160}.Release|x64.Build.0 = Release|x64
		{5F6C707F-9D03-4A33-9EF7-95D2D48CA160}.Release|x64.Deploy.0 = Release|x64
		{5F6C707F-9D03-4A33-9EF7-95D2D48CA160}.Release|x86.ActiveCfg = Release|x86
		{5F6C707F-9D03-4A33-9EF7-95D2D48CA160}.Release|x86.Build.0 = Release|x86
		{5F6C707F-9D03-4A33-9EF7-95D2D48CA160}.Release|x86.Deploy.0 = Release|x86
		{21EB02A6-669F-4907-8C48-D399C9CC3748}.Debug|Any CPU.ActiveCfg = Debug|Any CPU
		{21EB02A6-669F-4907-8C48-D399C9CC3748}.Debug|Any CPU.Build.0 = Debug|Any CPU
		{21EB02A6-669F-4907-8C48-D399C9CC3748}.Debug|Any CPU.Deploy.0 = Debug|Any CPU
		{21EB02A6-669F-4907-8C48-D399C9CC3748}.Debug|ARM.ActiveCfg = Debug|Any CPU
		{21EB02A6-669F-4907-8C48-D399C9CC3748}.Debug|ARM.Build.0 = Debug|Any CPU
		{21EB02A6-669F-4907-8C48-D399C9CC3748}.Debug|ARM.Deploy.0 = Debug|Any CPU
		{21EB02A6-669F-4907-8C48-D399C9CC3748}.Debug|iPhone.ActiveCfg = Debug|Any CPU
		{21EB02A6-669F-4907-8C48-D399C9CC3748}.Debug|iPhone.Build.0 = Debug|Any CPU
		{21EB02A6-669F-4907-8C48-D399C9CC3748}.Debug|iPhone.Deploy.0 = Debug|Any CPU
		{21EB02A6-669F-4907-8C48-D399C9CC3748}.Debug|iPhoneSimulator.ActiveCfg = Debug|Any CPU
		{21EB02A6-669F-4907-8C48-D399C9CC3748}.Debug|iPhoneSimulator.Build.0 = Debug|Any CPU
		{21EB02A6-669F-4907-8C48-D399C9CC3748}.Debug|iPhoneSimulator.Deploy.0 = Debug|Any CPU
		{21EB02A6-669F-4907-8C48-D399C9CC3748}.Debug|x64.ActiveCfg = Debug|Any CPU
		{21EB02A6-669F-4907-8C48-D399C9CC3748}.Debug|x64.Build.0 = Debug|Any CPU
		{21EB02A6-669F-4907-8C48-D399C9CC3748}.Debug|x64.Deploy.0 = Debug|Any CPU
		{21EB02A6-669F-4907-8C48-D399C9CC3748}.Debug|x86.ActiveCfg = Debug|Any CPU
		{21EB02A6-669F-4907-8C48-D399C9CC3748}.Debug|x86.Build.0 = Debug|Any CPU
		{21EB02A6-669F-4907-8C48-D399C9CC3748}.Debug|x86.Deploy.0 = Debug|Any CPU
		{21EB02A6-669F-4907-8C48-D399C9CC3748}.Release|Any CPU.ActiveCfg = Release|Any CPU
		{21EB02A6-669F-4907-8C48-D399C9CC3748}.Release|Any CPU.Build.0 = Release|Any CPU
		{21EB02A6-669F-4907-8C48-D399C9CC3748}.Release|Any CPU.Deploy.0 = Release|Any CPU
		{21EB02A6-669F-4907-8C48-D399C9CC3748}.Release|ARM.ActiveCfg = Release|Any CPU
		{21EB02A6-669F-4907-8C48-D399C9CC3748}.Release|ARM.Build.0 = Release|Any CPU
		{21EB02A6-669F-4907-8C48-D399C9CC3748}.Release|ARM.Deploy.0 = Release|Any CPU
		{21EB02A6-669F-4907-8C48-D399C9CC3748}.Release|iPhone.ActiveCfg = Release|Any CPU
		{21EB02A6-669F-4907-8C48-D399C9CC3748}.Release|iPhone.Build.0 = Release|Any CPU
		{21EB02A6-669F-4907-8C48-D399C9CC3748}.Release|iPhone.Deploy.0 = Release|Any CPU
		{21EB02A6-669F-4907-8C48-D399C9CC3748}.Release|iPhoneSimulator.ActiveCfg = Release|Any CPU
		{21EB02A6-669F-4907-8C48-D399C9CC3748}.Release|iPhoneSimulator.Build.0 = Release|Any CPU
		{21EB02A6-669F-4907-8C48-D399C9CC3748}.Release|iPhoneSimulator.Deploy.0 = Release|Any CPU
		{21EB02A6-669F-4907-8C48-D399C9CC3748}.Release|x64.ActiveCfg = Release|Any CPU
		{21EB02A6-669F-4907-8C48-D399C9CC3748}.Release|x64.Build.0 = Release|Any CPU
		{21EB02A6-669F-4907-8C48-D399C9CC3748}.Release|x64.Deploy.0 = Release|Any CPU
		{21EB02A6-669F-4907-8C48-D399C9CC3748}.Release|x86.ActiveCfg = Release|Any CPU
		{21EB02A6-669F-4907-8C48-D399C9CC3748}.Release|x86.Build.0 = Release|Any CPU
		{21EB02A6-669F-4907-8C48-D399C9CC3748}.Release|x86.Deploy.0 = Release|Any CPU
		{B8D2CA44-09EA-47C3-AE70-6712CB5474D1}.Debug|Any CPU.ActiveCfg = Debug|Any CPU
		{B8D2CA44-09EA-47C3-AE70-6712CB5474D1}.Debug|Any CPU.Build.0 = Debug|Any CPU
		{B8D2CA44-09EA-47C3-AE70-6712CB5474D1}.Debug|Any CPU.Deploy.0 = Debug|Any CPU
		{B8D2CA44-09EA-47C3-AE70-6712CB5474D1}.Debug|ARM.ActiveCfg = Debug|Any CPU
		{B8D2CA44-09EA-47C3-AE70-6712CB5474D1}.Debug|ARM.Build.0 = Debug|Any CPU
		{B8D2CA44-09EA-47C3-AE70-6712CB5474D1}.Debug|ARM.Deploy.0 = Debug|Any CPU
		{B8D2CA44-09EA-47C3-AE70-6712CB5474D1}.Debug|iPhone.ActiveCfg = Debug|Any CPU
		{B8D2CA44-09EA-47C3-AE70-6712CB5474D1}.Debug|iPhone.Build.0 = Debug|Any CPU
		{B8D2CA44-09EA-47C3-AE70-6712CB5474D1}.Debug|iPhone.Deploy.0 = Debug|Any CPU
		{B8D2CA44-09EA-47C3-AE70-6712CB5474D1}.Debug|iPhoneSimulator.ActiveCfg = Debug|Any CPU
		{B8D2CA44-09EA-47C3-AE70-6712CB5474D1}.Debug|iPhoneSimulator.Build.0 = Debug|Any CPU
		{B8D2CA44-09EA-47C3-AE70-6712CB5474D1}.Debug|iPhoneSimulator.Deploy.0 = Debug|Any CPU
		{B8D2CA44-09EA-47C3-AE70-6712CB5474D1}.Debug|x64.ActiveCfg = Debug|Any CPU
		{B8D2CA44-09EA-47C3-AE70-6712CB5474D1}.Debug|x64.Build.0 = Debug|Any CPU
		{B8D2CA44-09EA-47C3-AE70-6712CB5474D1}.Debug|x64.Deploy.0 = Debug|Any CPU
		{B8D2CA44-09EA-47C3-AE70-6712CB5474D1}.Debug|x86.ActiveCfg = Debug|Any CPU
		{B8D2CA44-09EA-47C3-AE70-6712CB5474D1}.Debug|x86.Build.0 = Debug|Any CPU
		{B8D2CA44-09EA-47C3-AE70-6712CB5474D1}.Debug|x86.Deploy.0 = Debug|Any CPU
		{B8D2CA44-09EA-47C3-AE70-6712CB5474D1}.Release|Any CPU.ActiveCfg = Release|Any CPU
		{B8D2CA44-09EA-47C3-AE70-6712CB5474D1}.Release|Any CPU.Build.0 = Release|Any CPU
		{B8D2CA44-09EA-47C3-AE70-6712CB5474D1}.Release|Any CPU.Deploy.0 = Release|Any CPU
		{B8D2CA44-09EA-47C3-AE70-6712CB5474D1}.Release|ARM.ActiveCfg = Release|Any CPU
		{B8D2CA44-09EA-47C3-AE70-6712CB5474D1}.Release|ARM.Build.0 = Release|Any CPU
		{B8D2CA44-09EA-47C3-AE70-6712CB5474D1}.Release|ARM.Deploy.0 = Release|Any CPU
		{B8D2CA44-09EA-47C3-AE70-6712CB5474D1}.Release|iPhone.ActiveCfg = Release|Any CPU
		{B8D2CA44-09EA-47C3-AE70-6712CB5474D1}.Release|iPhone.Build.0 = Release|Any CPU
		{B8D2CA44-09EA-47C3-AE70-6712CB5474D1}.Release|iPhone.Deploy.0 = Release|Any CPU
		{B8D2CA44-09EA-47C3-AE70-6712CB5474D1}.Release|iPhoneSimulator.ActiveCfg = Release|Any CPU
		{B8D2CA44-09EA-47C3-AE70-6712CB5474D1}.Release|iPhoneSimulator.Build.0 = Release|Any CPU
		{B8D2CA44-09EA-47C3-AE70-6712CB5474D1}.Release|iPhoneSimulator.Deploy.0 = Release|Any CPU
		{B8D2CA44-09EA-47C3-AE70-6712CB5474D1}.Release|x64.ActiveCfg = Release|Any CPU
		{B8D2CA44-09EA-47C3-AE70-6712CB5474D1}.Release|x64.Build.0 = Release|Any CPU
		{B8D2CA44-09EA-47C3-AE70-6712CB5474D1}.Release|x64.Deploy.0 = Release|Any CPU
		{B8D2CA44-09EA-47C3-AE70-6712CB5474D1}.Release|x86.ActiveCfg = Release|Any CPU
		{B8D2CA44-09EA-47C3-AE70-6712CB5474D1}.Release|x86.Build.0 = Release|Any CPU
		{B8D2CA44-09EA-47C3-AE70-6712CB5474D1}.Release|x86.Deploy.0 = Release|Any CPU
		{CE8D516C-A2AF-4586-82A3-7D7DE593A2D6}.Debug|Any CPU.ActiveCfg = Debug|Any CPU
		{CE8D516C-A2AF-4586-82A3-7D7DE593A2D6}.Debug|Any CPU.Build.0 = Debug|Any CPU
		{CE8D516C-A2AF-4586-82A3-7D7DE593A2D6}.Debug|Any CPU.Deploy.0 = Debug|Any CPU
		{CE8D516C-A2AF-4586-82A3-7D7DE593A2D6}.Debug|ARM.ActiveCfg = Debug|Any CPU
		{CE8D516C-A2AF-4586-82A3-7D7DE593A2D6}.Debug|ARM.Build.0 = Debug|Any CPU
		{CE8D516C-A2AF-4586-82A3-7D7DE593A2D6}.Debug|ARM.Deploy.0 = Debug|Any CPU
		{CE8D516C-A2AF-4586-82A3-7D7DE593A2D6}.Debug|iPhone.ActiveCfg = Debug|Any CPU
		{CE8D516C-A2AF-4586-82A3-7D7DE593A2D6}.Debug|iPhone.Build.0 = Debug|Any CPU
		{CE8D516C-A2AF-4586-82A3-7D7DE593A2D6}.Debug|iPhone.Deploy.0 = Debug|Any CPU
		{CE8D516C-A2AF-4586-82A3-7D7DE593A2D6}.Debug|iPhoneSimulator.ActiveCfg = Debug|Any CPU
		{CE8D516C-A2AF-4586-82A3-7D7DE593A2D6}.Debug|iPhoneSimulator.Build.0 = Debug|Any CPU
		{CE8D516C-A2AF-4586-82A3-7D7DE593A2D6}.Debug|iPhoneSimulator.Deploy.0 = Debug|Any CPU
		{CE8D516C-A2AF-4586-82A3-7D7DE593A2D6}.Debug|x64.ActiveCfg = Debug|Any CPU
		{CE8D516C-A2AF-4586-82A3-7D7DE593A2D6}.Debug|x64.Build.0 = Debug|Any CPU
		{CE8D516C-A2AF-4586-82A3-7D7DE593A2D6}.Debug|x64.Deploy.0 = Debug|Any CPU
		{CE8D516C-A2AF-4586-82A3-7D7DE593A2D6}.Debug|x86.ActiveCfg = Debug|Any CPU
		{CE8D516C-A2AF-4586-82A3-7D7DE593A2D6}.Debug|x86.Build.0 = Debug|Any CPU
		{CE8D516C-A2AF-4586-82A3-7D7DE593A2D6}.Debug|x86.Deploy.0 = Debug|Any CPU
		{CE8D516C-A2AF-4586-82A3-7D7DE593A2D6}.Release|Any CPU.ActiveCfg = Release|Any CPU
		{CE8D516C-A2AF-4586-82A3-7D7DE593A2D6}.Release|Any CPU.Build.0 = Release|Any CPU
		{CE8D516C-A2AF-4586-82A3-7D7DE593A2D6}.Release|Any CPU.Deploy.0 = Release|Any CPU
		{CE8D516C-A2AF-4586-82A3-7D7DE593A2D6}.Release|ARM.ActiveCfg = Release|Any CPU
		{CE8D516C-A2AF-4586-82A3-7D7DE593A2D6}.Release|ARM.Build.0 = Release|Any CPU
		{CE8D516C-A2AF-4586-82A3-7D7DE593A2D6}.Release|ARM.Deploy.0 = Release|Any CPU
		{CE8D516C-A2AF-4586-82A3-7D7DE593A2D6}.Release|iPhone.ActiveCfg = Release|Any CPU
		{CE8D516C-A2AF-4586-82A3-7D7DE593A2D6}.Release|iPhone.Build.0 = Release|Any CPU
		{CE8D516C-A2AF-4586-82A3-7D7DE593A2D6}.Release|iPhone.Deploy.0 = Release|Any CPU
		{CE8D516C-A2AF-4586-82A3-7D7DE593A2D6}.Release|iPhoneSimulator.ActiveCfg = Release|Any CPU
		{CE8D516C-A2AF-4586-82A3-7D7DE593A2D6}.Release|iPhoneSimulator.Build.0 = Release|Any CPU
		{CE8D516C-A2AF-4586-82A3-7D7DE593A2D6}.Release|iPhoneSimulator.Deploy.0 = Release|Any CPU
		{CE8D516C-A2AF-4586-82A3-7D7DE593A2D6}.Release|x64.ActiveCfg = Release|Any CPU
		{CE8D516C-A2AF-4586-82A3-7D7DE593A2D6}.Release|x64.Build.0 = Release|Any CPU
		{CE8D516C-A2AF-4586-82A3-7D7DE593A2D6}.Release|x64.Deploy.0 = Release|Any CPU
		{CE8D516C-A2AF-4586-82A3-7D7DE593A2D6}.Release|x86.ActiveCfg = Release|Any CPU
		{CE8D516C-A2AF-4586-82A3-7D7DE593A2D6}.Release|x86.Build.0 = Release|Any CPU
		{CE8D516C-A2AF-4586-82A3-7D7DE593A2D6}.Release|x86.Deploy.0 = Release|Any CPU
	EndGlobalSection
	GlobalSection(SolutionProperties) = preSolution
		HideSolutionNode = FALSE
	EndGlobalSection
	GlobalSection(ExtensibilityGlobals) = postSolution
		SolutionGuid = {05FE8943-B325-4D7E-8DBC-4B779DF4F734}
	EndGlobalSection
EndGlobal
